
Microsoft Visual Studio Solution File, Format Version 12.00
# Visual Studio 14
VisualStudioVersion = 14.0.25420.1
MinimumVisualStudioVersion = 10.0.40219.1
Project("{FAE04EC0-301F-11D3-BF4B-00C04F79EFBC}") = "Notifications.Web", "src\Notifications.Web\Notifications.Web.csproj", "{72D90530-0A34-420B-8651-6BB5E1A4546F}"
EndProject
Project("{FAE04EC0-301F-11D3-BF4B-00C04F79EFBC}") = "Notifications.PdfProcessor", "src\Notifications.PdfProcessor\Notifications.PdfProcessor.csproj", "{558DDC10-4C32-4455-BCE3-CA548A7E57EE}"
EndProject
Project("{FAE04EC0-301F-11D3-BF4B-00C04F79EFBC}") = "Notifications.MessageGenerator", "src\Notifications.MessageGenerator\Notifications.MessageGenerator.csproj", "{81A5D8EE-4B32-4289-98C1-F271283AF34A}"
EndProject
Project("{FAE04EC0-301F-11D3-BF4B-00C04F79EFBC}") = "Notifications.EmailProcessor", "src\Notifications.EmailProcessor\Notifications.EmailProcessor.csproj", "{02B7E723-CE6F-401D-A30B-B0E863340A66}"
EndProject
Project("{FAE04EC0-301F-11D3-BF4B-00C04F79EFBC}") = "Notifications.DayPlus3Processor", "src\Notifications.DayPlus3Processor\Notifications.DayPlus3Processor.csproj", "{8D70591C-76BB-434E-85FC-6552FFE3DD9C}"
EndProject
Project("{FAE04EC0-301F-11D3-BF4B-00C04F79EFBC}") = "Notifications.InboxMessageWorker", "src\Notifications.InboxMessageWorker\Notifications.InboxMessageWorker.csproj", "{2B94112C-8FA8-46FF-ACF2-0B35838AF505}"
EndProject
Global
	GlobalSection(SolutionConfigurationPlatforms) = preSolution
		Debug|Any CPU = Debug|Any CPU
		Release|Any CPU = Release|Any CPU
	EndGlobalSection
	GlobalSection(ProjectConfigurationPlatforms) = postSolution
		{72D90530-0A34-420B-8651-6BB5E1A4546F}.Debug|Any CPU.ActiveCfg = Debug|Any CPU
		{72D90530-0A34-420B-8651-6BB5E1A4546F}.Debug|Any CPU.Build.0 = Debug|Any CPU
		{72D90530-0A34-420B-8651-6BB5E1A4546F}.Release|Any CPU.ActiveCfg = Release|Any CPU
		{72D90530-0A34-420B-8651-6BB5E1A4546F}.Release|Any CPU.Build.0 = Release|Any CPU
		{558DDC10-4C32-4455-BCE3-CA548A7E57EE}.Debug|Any CPU.ActiveCfg = Debug|Any CPU
		{558DDC10-4C32-4455-BCE3-CA548A7E57EE}.Debug|Any CPU.Build.0 = Debug|Any CPU
		{558DDC10-4C32-4455-BCE3-CA548A7E57EE}.Release|Any CPU.ActiveCfg = Release|Any CPU
		{558DDC10-4C32-4455-BCE3-CA548A7E57EE}.Release|Any CPU.Build.0 = Release|Any CPU
		{81A5D8EE-4B32-4289-98C1-F271283AF34A}.Debug|Any CPU.ActiveCfg = Debug|Any CPU
		{81A5D8EE-4B32-4289-98C1-F271283AF34A}.Debug|Any CPU.Build.0 = Debug|Any CPU
		{81A5D8EE-4B32-4289-98C1-F271283AF34A}.Release|Any CPU.ActiveCfg = Release|Any CPU
		{81A5D8EE-4B32-4289-98C1-F271283AF34A}.Release|Any CPU.Build.0 = Release|Any CPU
		{02B7E723-CE6F-401D-A30B-B0E863340A66}.Debug|Any CPU.ActiveCfg = Debug|Any CPU
		{02B7E723-CE6F-401D-A30B-B0E863340A66}.Debug|Any CPU.Build.0 = Debug|Any CPU
		{02B7E723-CE6F-401D-A30B-B0E863340A66}.Release|Any CPU.ActiveCfg = Release|Any CPU
		{02B7E723-CE6F-401D-A30B-B0E863340A66}.Release|Any CPU.Build.0 = Release|Any CPU
		{8D70591C-76BB-434E-85FC-6552FFE3DD9C}.Debug|Any CPU.ActiveCfg = Debug|Any CPU
		{8D70591C-76BB-434E-85FC-6552FFE3DD9C}.Debug|Any CPU.Build.0 = Debug|Any CPU
		{8D70591C-76BB-434E-85FC-6552FFE3DD9C}.Release|Any CPU.ActiveCfg = Release|Any CPU
		{8D70591C-76BB-434E-85FC-6552FFE3DD9C}.Release|Any CPU.Build.0 = Release|Any CPU
		{2B94112C-8FA8-46FF-ACF2-0B35838AF505}.Debug|Any CPU.ActiveCfg = Debug|Any CPU
		{2B94112C-8FA8-46FF-ACF2-0B35838AF505}.Debug|Any CPU.Build.0 = Debug|Any CPU
		{2B94112C-8FA8-46FF-ACF2-0B35838AF505}.Release|Any CPU.ActiveCfg = Release|Any CPU
		{2B94112C-8FA8-46FF-ACF2-0B35838AF505}.Release|Any CPU.Build.0 = Release|Any CPU
	EndGlobalSection
	GlobalSection(SolutionProperties) = preSolution
		HideSolutionNode = FALSE
	EndGlobalSection
EndGlobal
